
Microsoft Visual Studio Solution File, Format Version 12.00
# Visual Studio 15
VisualStudioVersion = 15.0.28010.2026
MinimumVisualStudioVersion = 10.0.40219.1
Project("{FAE04EC0-301F-11D3-BF4B-00C04F79EFBC}") = "ViewportReset", "ViewportReset\ViewportReset.csproj", "{8D0E78BA-3CBA-4FA9-8FE5-6EE380B924D7}"
EndProject
Project("{FAE04EC0-301F-11D3-BF4B-00C04F79EFBC}") = "RevitAddin", "RevitAddin\RevitAddin.csproj", "{467C6553-45F6-4BD7-A3D2-42895AE87955}"
EndProject
Project("{FAE04EC0-301F-11D3-BF4B-00C04F79EFBC}") = "AutocadTest", "AutocadTest\AutocadTest.csproj", "{54D6B054-C898-4EE4-8576-E819A475BBF0}"
EndProject
Global
	GlobalSection(SolutionConfigurationPlatforms) = preSolution
		Debug|Any CPU = Debug|Any CPU
		Release|Any CPU = Release|Any CPU
	EndGlobalSection
	GlobalSection(ProjectConfigurationPlatforms) = postSolution
		{8D0E78BA-3CBA-4FA9-8FE5-6EE380B924D7}.Debug|Any CPU.ActiveCfg = Debug|Any CPU
		{8D0E78BA-3CBA-4FA9-8FE5-6EE380B924D7}.Debug|Any CPU.Build.0 = Debug|Any CPU
		{8D0E78BA-3CBA-4FA9-8FE5-6EE380B924D7}.Release|Any CPU.ActiveCfg = Release|Any CPU
		{8D0E78BA-3CBA-4FA9-8FE5-6EE380B924D7}.Release|Any CPU.Build.0 = Release|Any CPU
		{467C6553-45F6-4BD7-A3D2-42895AE87955}.Debug|Any CPU.ActiveCfg = Debug|Any CPU
		{467C6553-45F6-4BD7-A3D2-42895AE87955}.Debug|Any CPU.Build.0 = Debug|Any CPU
		{467C6553-45F6-4BD7-A3D2-42895AE87955}.Release|Any CPU.ActiveCfg = Release|Any CPU
		{467C6553-45F6-4BD7-A3D2-42895AE87955}.Release|Any CPU.Build.0 = Release|Any CPU
		{54D6B054-C898-4EE4-8576-E819A475BBF0}.Debug|Any CPU.ActiveCfg = Debug|Any CPU
		{54D6B054-C898-4EE4-8576-E819A475BBF0}.Debug|Any CPU.Build.0 = Debug|Any CPU
		{54D6B054-C898-4EE4-8576-E819A475BBF0}.Release|Any CPU.ActiveCfg = Release|Any CPU
		{54D6B054-C898-4EE4-8576-E819A475BBF0}.Release|Any CPU.Build.0 = Release|Any CPU
	EndGlobalSection
	GlobalSection(SolutionProperties) = preSolution
		HideSolutionNode = FALSE
	EndGlobalSection
	GlobalSection(ExtensibilityGlobals) = postSolution
		SolutionGuid = {04B58358-FD01-432E-A606-C3DADC2A58B6}
	EndGlobalSection
EndGlobal
